
Microsoft Visual Studio Solution File, Format Version 12.00
# Visual Studio Version 17
VisualStudioVersion = 17.6.33417.168
MinimumVisualStudioVersion = 10.0.40219.1
Project("{FAE04EC0-301F-11D3-BF4B-00C04F79EFBC}") = "BlazorAppGuidInURL", "BlazorAppGuidInURL\BlazorAppGuidInURL.csproj", "{53EA7EE9-BE4E-4AD3-8461-6ED2B1ED561A}"
EndProject
Global
	GlobalSection(SolutionConfigurationPlatforms) = preSolution
		Debug|Any CPU = Debug|Any CPU
		Release|Any CPU = Release|Any CPU
	EndGlobalSection
	GlobalSection(ProjectConfigurationPlatforms) = postSolution
		{53EA7EE9-BE4E-4AD3-8461-6ED2B1ED561A}.Debug|Any CPU.ActiveCfg = Debug|Any CPU
		{53EA7EE9-BE4E-4AD3-8461-6ED2B1ED561A}.Debug|Any CPU.Build.0 = Debug|Any CPU
		{53EA7EE9-BE4E-4AD3-8461-6ED2B1ED561A}.Release|Any CPU.ActiveCfg = Release|Any CPU
		{53EA7EE9-BE4E-4AD3-8461-6ED2B1ED561A}.Release|Any CPU.Build.0 = Release|Any CPU
	EndGlobalSection
	GlobalSection(SolutionProperties) = preSolution
		HideSolutionNode = FALSE
	EndGlobalSection
	GlobalSection(ExtensibilityGlobals) = postSolution
		SolutionGuid = {A2E50463-F015-41A0-961E-4DAEAF940EC7}
	EndGlobalSection
EndGlobal
